
Microsoft Visual Studio Solution File, Format Version 12.00
# Visual Studio Version 16
VisualStudioVersion = 16.0.30204.135
MinimumVisualStudioVersion = 10.0.40219.1
Project("{8BC9CEB8-8B4A-11D0-8D11-00A0C91BC942}") = "Mang dong", "Mang dong.vcxproj", "{9CA29FCB-84A8-49BB-B33E-E3CF32A0E149}"
EndProject
Global
	GlobalSection(SolutionConfigurationPlatforms) = preSolution
		Debug|x64 = Debug|x64
		Debug|x86 = Debug|x86
		Release|x64 = Release|x64
		Release|x86 = Release|x86
	EndGlobalSection
	GlobalSection(ProjectConfigurationPlatforms) = postSolution
		{9CA29FCB-84A8-49BB-B33E-E3CF32A0E149}.Debug|x64.ActiveCfg = Debug|x64
		{9CA29FCB-84A8-49BB-B33E-E3CF32A0E149}.Debug|x64.Build.0 = Debug|x64
		{9CA29FCB-84A8-49BB-B33E-E3CF32A0E149}.Debug|x86.ActiveCfg = Debug|Win32
		{9CA29FCB-84A8-49BB-B33E-E3CF32A0E149}.Debug|x86.Build.0 = Debug|Win32
		{9CA29FCB-84A8-49BB-B33E-E3CF32A0E149}.Release|x64.ActiveCfg = Release|x64
		{9CA29FCB-84A8-49BB-B33E-E3CF32A0E149}.Release|x64.Build.0 = Release|x64
		{9CA29FCB-84A8-49BB-B33E-E3CF32A0E149}.Release|x86.ActiveCfg = Release|Win32
		{9CA29FCB-84A8-49BB-B33E-E3CF32A0E149}.Release|x86.Build.0 = Release|Win32
	EndGlobalSection
	GlobalSection(SolutionProperties) = preSolution
		HideSolutionNode = FALSE
	EndGlobalSection
	GlobalSection(ExtensibilityGlobals) = postSolution
		SolutionGuid = {FB499059-5410-4196-855F-895D9B47B412}
	EndGlobalSection
EndGlobal
